
Microsoft Visual Studio Solution File, Format Version 12.00
# Visual Studio 15
VisualStudioVersion = 15.0.26730.10
MinimumVisualStudioVersion = 10.0.40219.1
Project("{FAE04EC0-301F-11D3-BF4B-00C04F79EFBC}") = "LeaRun.WebMain", "LeaRun.WebMain\LeaRun.WebMain.csproj", "{8B408DEC-36D7-4FAC-BB35-629C8B845651}"
EndProject
Project("{FAE04EC0-301F-11D3-BF4B-00C04F79EFBC}") = "LeaRun.Util", "LeaRun.Util\LeaRun.Util\LeaRun.Util.csproj", "{07AA2566-D0E5-47AF-A17D-3B1C6AEE598D}"
EndProject
Project("{FAE04EC0-301F-11D3-BF4B-00C04F79EFBC}") = "LeaRun.Cache", "LeaRun.Util\LeaRun.Cache\LeaRun.Cache.csproj", "{A68CDD21-2E12-4B11-95DB-D0A0FCED48B1}"
EndProject
Project("{FAE04EC0-301F-11D3-BF4B-00C04F79EFBC}") = "LeaRun.Util.Ioc", "LeaRun.Util\LeaRun.Util.Ioc\LeaRun.Util.Ioc.csproj", "{2A2611D5-0A19-4EAD-A57F-0D361DC92639}"
EndProject
Project("{FAE04EC0-301F-11D3-BF4B-00C04F79EFBC}") = "RazorGenerator.Mvc", "LeaRun.Util\RazorGenerator.Mvc\RazorGenerator.Mvc.csproj", "{877326A1-EFC6-41A0-AD21-654C8CC5DE3E}"
EndProject
Project("{2150E333-8FDC-42A3-9474-1A3956D46DE8}") = "01-Utility", "01-Utility", "{C5D2DB32-B251-468C-B18F-720E9A2A1198}"
EndProject
Project("{2150E333-8FDC-42A3-9474-1A3956D46DE8}") = "02-Data", "02-Data", "{C4C4DB85-C343-4F51-858B-1D6C672C352D}"
EndProject
Project("{FAE04EC0-301F-11D3-BF4B-00C04F79EFBC}") = "LeaRun.Data", "LeaRun.Data\LeaRun.Data\LeaRun.Data.csproj", "{7C84F157-09B6-42D8-85F2-04AF1F31A046}"
EndProject
Project("{FAE04EC0-301F-11D3-BF4B-00C04F79EFBC}") = "LeaRun.CodeGenerator", "LeaRun.WebBase\LeaRun.CodeGenerator\LeaRun.CodeGenerator.csproj", "{6FAADC1C-DB04-4F65-9856-D989FC3B46C5}"
EndProject
Project("{FAE04EC0-301F-11D3-BF4B-00C04F79EFBC}") = "LeaRun.WebBase", "LeaRun.WebBase\LeaRun.WebBase\LeaRun.WebBase.csproj", "{9B10DB87-130C-41D3-8687-1FAC877DB74A}"
EndProject
Project("{FAE04EC0-301F-11D3-BF4B-00C04F79EFBC}") = "LeaRun.WebBase.ControllerBase", "LeaRun.WebBase\LeaRun.WebBase.ControllerBase\LeaRun.WebBase.ControllerBase.csproj", "{3E633869-399F-4E8F-897D-EDC47206B9A7}"
EndProject
Project("{2150E333-8FDC-42A3-9474-1A3956D46DE8}") = "04-WebBase", "04-WebBase", "{7BFB8C5A-1B7E-48C0-AA84-11C5D97A8EC3}"
EndProject
Project("{2150E333-8FDC-42A3-9474-1A3956D46DE8}") = "03-Application", "03-Application", "{49A4CC01-304D-4B58-B42C-ED64C56B1D9A}"
EndProject
Project("{FAE04EC0-301F-11D3-BF4B-00C04F79EFBC}") = "LeaRun.SystemManage.Business", "LeaRun.Application\01 系统管理模块\SystemManage.Business\LeaRun.SystemManage.Business.csproj", "{23F0EA7E-B48D-4AE0-A84D-AD1A330F0EFB}"
EndProject
Project("{FAE04EC0-301F-11D3-BF4B-00C04F79EFBC}") = "LeaRun.SystemManage.Domain", "LeaRun.Application\01 系统管理模块\SystemManage.Domain\LeaRun.SystemManage.Domain.csproj", "{239FF513-5847-4DFC-9EC2-56AC52C412E0}"
EndProject
Project("{FAE04EC0-301F-11D3-BF4B-00C04F79EFBC}") = "LeaRun.SystemManage.Web", "LeaRun.Application\01 系统管理模块\SystemManage.Web\LeaRun.SystemManage.Web.csproj", "{D2E7A109-F17B-4F91-B49F-434DBB6EE8B2}"
EndProject
Project("{2150E333-8FDC-42A3-9474-1A3956D46DE8}") = "01 SystemManager", "01 SystemManager", "{605E647E-D864-45F1-A2A0-3F0F0F6759FB}"
EndProject
Project("{2150E333-8FDC-42A3-9474-1A3956D46DE8}") = "02 FormEngine", "02 FormEngine", "{3302C74A-CA3C-41E8-8E11-F61BF6359D65}"
EndProject
Project("{2150E333-8FDC-42A3-9474-1A3956D46DE8}") = "03 WorkflowEngine", "03 WorkflowEngine", "{F8DE2A6B-10C3-4FD4-A443-43560BACD83D}"
EndProject
Project("{2150E333-8FDC-42A3-9474-1A3956D46DE8}") = "04 PublicInfoManage", "04 PublicInfoManage", "{B1A8D2DC-9DBA-4CF2-9E87-2708A5EFE76C}"
EndProject
Project("{2150E333-8FDC-42A3-9474-1A3956D46DE8}") = "05 ReportManage", "05 ReportManage", "{D9AF400D-E3C6-4E40-AE5E-4BFBA67F459A}"
EndProject
Project("{2150E333-8FDC-42A3-9474-1A3956D46DE8}") = "06 CustomerManage", "06 CustomerManage", "{D41447FF-A20E-44D8-BC44-21FC5072C047}"
EndProject
Project("{2150E333-8FDC-42A3-9474-1A3956D46DE8}") = "07 MessageManage", "07 MessageManage", "{E77C5937-296A-4010-A910-94B80F27380D}"
EndProject
Project("{2150E333-8FDC-42A3-9474-1A3956D46DE8}") = "08 WeChatManage", "08 WeChatManage", "{3BE6F9E0-6CE3-4544-8D06-89A856E13C1F}"
EndProject
Project("{FAE04EC0-301F-11D3-BF4B-00C04F79EFBC}") = "LeaRun.FormEngine.Business", "LeaRun.Application\02 动态表单引擎模块\FormEngine.Business\LeaRun.FormEngine.Business.csproj", "{B24C0524-80C0-4F0B-B6DB-9C811347EC74}"
EndProject
Project("{FAE04EC0-301F-11D3-BF4B-00C04F79EFBC}") = "LeaRun.FormEngine.Domain", "LeaRun.Application\02 动态表单引擎模块\FormEngine.Domain\LeaRun.FormEngine.Domain.csproj", "{2C7BAC77-C1EC-43C1-9097-4770D02033DC}"
EndProject
Project("{FAE04EC0-301F-11D3-BF4B-00C04F79EFBC}") = "LeaRun.FormEngine.Web", "LeaRun.Application\02 动态表单引擎模块\FormEngine.Web\LeaRun.FormEngine.Web.csproj", "{D2E7A109-317B-4F91-A49F-123DBB6EE8B2}"
EndProject
Project("{FAE04EC0-301F-11D3-BF4B-00C04F79EFBC}") = "LeaRun.WorkflowEngine.Business", "LeaRun.Application\03 工作流引擎模块\WorkflowEngine.Business\LeaRun.WorkflowEngine.Business.csproj", "{B3363FFD-0D1F-4706-BFF5-E87C455EA1F5}"
EndProject
Project("{FAE04EC0-301F-11D3-BF4B-00C04F79EFBC}") = "LeaRun.WorkflowEngine.Domain", "LeaRun.Application\03 工作流引擎模块\WorkflowEngine.Domain\LeaRun.WorkflowEngine.Domain.csproj", "{D27ADF54-440C-44E9-9DD2-A9F6E9D14E12}"
EndProject
Project("{FAE04EC0-301F-11D3-BF4B-00C04F79EFBC}") = "LeaRun.WorkflowEngine.Web", "LeaRun.Application\03 工作流引擎模块\WorkflowEngine.Web\LeaRun.WorkflowEngine.Web.csproj", "{32E7A159-917B-7F91-B49F-456DBB6EE8B2}"
EndProject
Project("{FAE04EC0-301F-11D3-BF4B-00C04F79EFBC}") = "LeaRun.PublicInfoManage.Business", "LeaRun.Application\04 文档发布管理模块\PublicInfoManage.Business\LeaRun.PublicInfoManage.Business.csproj", "{28CB8A51-D608-4BEC-AE98-76B64C0990B6}"
EndProject
Project("{FAE04EC0-301F-11D3-BF4B-00C04F79EFBC}") = "LeaRun.PublicInfoManage.Domain", "LeaRun.Application\04 文档发布管理模块\PublicInfoManage.Domain\LeaRun.PublicInfoManage.Domain.csproj", "{DFD4026A-A1F0-4329-8156-D1F0A36262C9}"
EndProject
Project("{FAE04EC0-301F-11D3-BF4B-00C04F79EFBC}") = "LeaRun.PublicInfoManage.Web", "LeaRun.Application\04 文档发布管理模块\PublicInfoManage.Web\LeaRun.PublicInfoManage.Web.csproj", "{52E7A109-E17B-4F91-349F-A34DBB6EE8B2}"
EndProject
Project("{FAE04EC0-301F-11D3-BF4B-00C04F79EFBC}") = "LeaRun.ReportManage.Business", "LeaRun.Application\05 报表管理模块\ReportManage.Business\LeaRun.ReportManage.Business.csproj", "{C916D11F-9B0C-42F1-92A0-99B854F77143}"
EndProject
Project("{FAE04EC0-301F-11D3-BF4B-00C04F79EFBC}") = "LeaRun.ReportManage.Domain", "LeaRun.Application\05 报表管理模块\ReportManage.Domain\LeaRun.ReportManage.Domain.csproj", "{9A5C802C-DE46-4BD5-A786-EC85E49F9F01}"
EndProject
Project("{FAE04EC0-301F-11D3-BF4B-00C04F79EFBC}") = "LeaRun.ReportManage.Web", "LeaRun.Application\05 报表管理模块\ReportManage.Web\LeaRun.ReportManage.Web.csproj", "{92E7A109-F17B-2F91-149F-534D5B6EE8B2}"
EndProject
Project("{FAE04EC0-301F-11D3-BF4B-00C04F79EFBC}") = "LeaRun.CustomerManage.Business", "LeaRun.Application\06 客户关系管理模块\CustomerManage.Business\LeaRun.CustomerManage.Business.csproj", "{513AE7AE-6380-4F10-8795-30D03585E8C4}"
EndProject
Project("{FAE04EC0-301F-11D3-BF4B-00C04F79EFBC}") = "LeaRun.CustomerManage.Domain", "LeaRun.Application\06 客户关系管理模块\CustomerManage.Domain\LeaRun.CustomerManage.Domain.csproj", "{F6066E2B-CE96-4B28-9594-DEDC88AB949D}"
EndProject
Project("{FAE04EC0-301F-11D3-BF4B-00C04F79EFBC}") = "LeaRun.CustomerManage.Web", "LeaRun.Application\06 客户关系管理模块\CustomerManage.Web\LeaRun.CustomerManage.Web.csproj", "{32C376FE-1538-402D-81C8-CFFD98216186}"
EndProject
Project("{FAE04EC0-301F-11D3-BF4B-00C04F79EFBC}") = "LeaRun.MessageManage.Business", "LeaRun.Application\07 消息管理模块\MessageManage.Business\LeaRun.MessageManage.Business.csproj", "{22D8409F-7B9B-4CAA-9AC7-DA2EB877DEF5}"
EndProject
Project("{FAE04EC0-301F-11D3-BF4B-00C04F79EFBC}") = "LeaRun.MessageManage.Domain", "LeaRun.Application\07 消息管理模块\MessageManage.Domain\LeaRun.MessageManage.Domain.csproj", "{C1B3031B-F4A1-4124-8E6B-9AEA89054200}"
EndProject
Project("{FAE04EC0-301F-11D3-BF4B-00C04F79EFBC}") = "LeaRun.MessageManage.Web", "LeaRun.Application\07 消息管理模块\MessageManage.Web\LeaRun.MessageManage.Web.csproj", "{C2E7A109-C17B-4F91-449F-ED4DBB6EE8B2}"
EndProject
Project("{FAE04EC0-301F-11D3-BF4B-00C04F79EFBC}") = "LeaRun.WeChatManage.Business", "LeaRun.Application\08 微信管理模块\WeChatManage.Business\LeaRun.WeChatManage.Business.csproj", "{9E776E64-3075-49B3-A6CE-B92F0B999C5C}"
EndProject
Project("{FAE04EC0-301F-11D3-BF4B-00C04F79EFBC}") = "LeaRun.WeChatManage.Domain", "LeaRun.Application\08 微信管理模块\WeChatManage.Domain\LeaRun.WeChatManage.Domain.csproj", "{1ADE96B2-6BFE-4513-8DC1-AD940D7A4E3C}"
EndProject
Project("{FAE04EC0-301F-11D3-BF4B-00C04F79EFBC}") = "LeaRun.WeChatManage.Web", "LeaRun.Application\08 微信管理模块\WeChatManage.Web\LeaRun.WeChatManage.Web.csproj", "{82E7A109-817B-4F91-849F-484DBB6888B2}"
EndProject
Project("{FAE04EC0-301F-11D3-BF4B-00C04F79EFBC}") = "LeaRun.Emergency.Domain", "LeaRun.Application\50 应急平台模块\LeaRun.Emergency.Domain\LeaRun.Emergency.Domain.csproj", "{BBF6EEC4-511B-4910-B975-14F86122B4AE}"
EndProject
Project("{FAE04EC0-301F-11D3-BF4B-00C04F79EFBC}") = "LeaRun.Emergency.Business", "LeaRun.Application\50 应急平台模块\LeaRun.Emergency.Business\LeaRun.Emergency.Business.csproj", "{95AF440B-E511-458F-8D99-36DE2A8C083C}"
EndProject
Project("{2150E333-8FDC-42A3-9474-1A3956D46DE8}") = "50 Emergency", "50 Emergency", "{6495C71B-A335-4D3C-8B11-F9AA860A1B32}"
EndProject
Global
	GlobalSection(SolutionConfigurationPlatforms) = preSolution
		Debug|Any CPU = Debug|Any CPU
		Release|Any CPU = Release|Any CPU
	EndGlobalSection
	GlobalSection(ProjectConfigurationPlatforms) = postSolution
		{8B408DEC-36D7-4FAC-BB35-629C8B845651}.Debug|Any CPU.ActiveCfg = Debug|Any CPU
		{8B408DEC-36D7-4FAC-BB35-629C8B845651}.Debug|Any CPU.Build.0 = Debug|Any CPU
		{8B408DEC-36D7-4FAC-BB35-629C8B845651}.Release|Any CPU.ActiveCfg = Release|Any CPU
		{8B408DEC-36D7-4FAC-BB35-629C8B845651}.Release|Any CPU.Build.0 = Release|Any CPU
		{07AA2566-D0E5-47AF-A17D-3B1C6AEE598D}.Debug|Any CPU.ActiveCfg = Debug|Any CPU
		{07AA2566-D0E5-47AF-A17D-3B1C6AEE598D}.Debug|Any CPU.Build.0 = Debug|Any CPU
		{07AA2566-D0E5-47AF-A17D-3B1C6AEE598D}.Release|Any CPU.ActiveCfg = Release|Any CPU
		{07AA2566-D0E5-47AF-A17D-3B1C6AEE598D}.Release|Any CPU.Build.0 = Release|Any CPU
		{A68CDD21-2E12-4B11-95DB-D0A0FCED48B1}.Debug|Any CPU.ActiveCfg = Debug|Any CPU
		{A68CDD21-2E12-4B11-95DB-D0A0FCED48B1}.Debug|Any CPU.Build.0 = Debug|Any CPU
		{A68CDD21-2E12-4B11-95DB-D0A0FCED48B1}.Release|Any CPU.ActiveCfg = Release|Any CPU
		{A68CDD21-2E12-4B11-95DB-D0A0FCED48B1}.Release|Any CPU.Build.0 = Release|Any CPU
		{2A2611D5-0A19-4EAD-A57F-0D361DC92639}.Debug|Any CPU.ActiveCfg = Debug|Any CPU
		{2A2611D5-0A19-4EAD-A57F-0D361DC92639}.Debug|Any CPU.Build.0 = Debug|Any CPU
		{2A2611D5-0A19-4EAD-A57F-0D361DC92639}.Release|Any CPU.ActiveCfg = Release|Any CPU
		{2A2611D5-0A19-4EAD-A57F-0D361DC92639}.Release|Any CPU.Build.0 = Release|Any CPU
		{877326A1-EFC6-41A0-AD21-654C8CC5DE3E}.Debug|Any CPU.ActiveCfg = Debug|Any CPU
		{877326A1-EFC6-41A0-AD21-654C8CC5DE3E}.Debug|Any CPU.Build.0 = Debug|Any CPU
		{877326A1-EFC6-41A0-AD21-654C8CC5DE3E}.Release|Any CPU.ActiveCfg = Release|Any CPU
		{877326A1-EFC6-41A0-AD21-654C8CC5DE3E}.Release|Any CPU.Build.0 = Release|Any CPU
		{7C84F157-09B6-42D8-85F2-04AF1F31A046}.Debug|Any CPU.ActiveCfg = Debug|Any CPU
		{7C84F157-09B6-42D8-85F2-04AF1F31A046}.Debug|Any CPU.Build.0 = Debug|Any CPU
		{7C84F157-09B6-42D8-85F2-04AF1F31A046}.Release|Any CPU.ActiveCfg = Release|Any CPU
		{7C84F157-09B6-42D8-85F2-04AF1F31A046}.Release|Any CPU.Build.0 = Release|Any CPU
		{6FAADC1C-DB04-4F65-9856-D989FC3B46C5}.Debug|Any CPU.ActiveCfg = Debug|Any CPU
		{6FAADC1C-DB04-4F65-9856-D989FC3B46C5}.Debug|Any CPU.Build.0 = Debug|Any CPU
		{6FAADC1C-DB04-4F65-9856-D989FC3B46C5}.Release|Any CPU.ActiveCfg = Release|Any CPU
		{6FAADC1C-DB04-4F65-9856-D989FC3B46C5}.Release|Any CPU.Build.0 = Release|Any CPU
		{9B10DB87-130C-41D3-8687-1FAC877DB74A}.Debug|Any CPU.ActiveCfg = Debug|Any CPU
		{9B10DB87-130C-41D3-8687-1FAC877DB74A}.Debug|Any CPU.Build.0 = Debug|Any CPU
		{9B10DB87-130C-41D3-8687-1FAC877DB74A}.Release|Any CPU.ActiveCfg = Release|Any CPU
		{9B10DB87-130C-41D3-8687-1FAC877DB74A}.Release|Any CPU.Build.0 = Release|Any CPU
		{3E633869-399F-4E8F-897D-EDC47206B9A7}.Debug|Any CPU.ActiveCfg = Debug|Any CPU
		{3E633869-399F-4E8F-897D-EDC47206B9A7}.Debug|Any CPU.Build.0 = Debug|Any CPU
		{3E633869-399F-4E8F-897D-EDC47206B9A7}.Release|Any CPU.ActiveCfg = Release|Any CPU
		{3E633869-399F-4E8F-897D-EDC47206B9A7}.Release|Any CPU.Build.0 = Release|Any CPU
		{23F0EA7E-B48D-4AE0-A84D-AD1A330F0EFB}.Debug|Any CPU.ActiveCfg = Debug|Any CPU
		{23F0EA7E-B48D-4AE0-A84D-AD1A330F0EFB}.Debug|Any CPU.Build.0 = Debug|Any CPU
		{23F0EA7E-B48D-4AE0-A84D-AD1A330F0EFB}.Release|Any CPU.ActiveCfg = Release|Any CPU
		{23F0EA7E-B48D-4AE0-A84D-AD1A330F0EFB}.Release|Any CPU.Build.0 = Release|Any CPU
		{239FF513-5847-4DFC-9EC2-56AC52C412E0}.Debug|Any CPU.ActiveCfg = Debug|Any CPU
		{239FF513-5847-4DFC-9EC2-56AC52C412E0}.Debug|Any CPU.Build.0 = Debug|Any CPU
		{239FF513-5847-4DFC-9EC2-56AC52C412E0}.Release|Any CPU.ActiveCfg = Release|Any CPU
		{239FF513-5847-4DFC-9EC2-56AC52C412E0}.Release|Any CPU.Build.0 = Release|Any CPU
		{D2E7A109-F17B-4F91-B49F-434DBB6EE8B2}.Debug|Any CPU.ActiveCfg = Debug|Any CPU
		{D2E7A109-F17B-4F91-B49F-434DBB6EE8B2}.Debug|Any CPU.Build.0 = Debug|Any CPU
		{D2E7A109-F17B-4F91-B49F-434DBB6EE8B2}.Release|Any CPU.ActiveCfg = Release|Any CPU
		{D2E7A109-F17B-4F91-B49F-434DBB6EE8B2}.Release|Any CPU.Build.0 = Release|Any CPU
		{B24C0524-80C0-4F0B-B6DB-9C811347EC74}.Debug|Any CPU.ActiveCfg = Debug|Any CPU
		{B24C0524-80C0-4F0B-B6DB-9C811347EC74}.Debug|Any CPU.Build.0 = Debug|Any CPU
		{B24C0524-80C0-4F0B-B6DB-9C811347EC74}.Release|Any CPU.ActiveCfg = Release|Any CPU
		{B24C0524-80C0-4F0B-B6DB-9C811347EC74}.Release|Any CPU.Build.0 = Release|Any CPU
		{2C7BAC77-C1EC-43C1-9097-4770D02033DC}.Debug|Any CPU.ActiveCfg = Debug|Any CPU
		{2C7BAC77-C1EC-43C1-9097-4770D02033DC}.Debug|Any CPU.Build.0 = Debug|Any CPU
		{2C7BAC77-C1EC-43C1-9097-4770D02033DC}.Release|Any CPU.ActiveCfg = Release|Any CPU
		{2C7BAC77-C1EC-43C1-9097-4770D02033DC}.Release|Any CPU.Build.0 = Release|Any CPU
		{D2E7A109-317B-4F91-A49F-123DBB6EE8B2}.Debug|Any CPU.ActiveCfg = Debug|Any CPU
		{D2E7A109-317B-4F91-A49F-123DBB6EE8B2}.Debug|Any CPU.Build.0 = Debug|Any CPU
		{D2E7A109-317B-4F91-A49F-123DBB6EE8B2}.Release|Any CPU.ActiveCfg = Release|Any CPU
		{D2E7A109-317B-4F91-A49F-123DBB6EE8B2}.Release|Any CPU.Build.0 = Release|Any CPU
		{B3363FFD-0D1F-4706-BFF5-E87C455EA1F5}.Debug|Any CPU.ActiveCfg = Debug|Any CPU
		{B3363FFD-0D1F-4706-BFF5-E87C455EA1F5}.Debug|Any CPU.Build.0 = Debug|Any CPU
		{B3363FFD-0D1F-4706-BFF5-E87C455EA1F5}.Release|Any CPU.ActiveCfg = Release|Any CPU
		{B3363FFD-0D1F-4706-BFF5-E87C455EA1F5}.Release|Any CPU.Build.0 = Release|Any CPU
		{D27ADF54-440C-44E9-9DD2-A9F6E9D14E12}.Debug|Any CPU.ActiveCfg = Debug|Any CPU
		{D27ADF54-440C-44E9-9DD2-A9F6E9D14E12}.Debug|Any CPU.Build.0 = Debug|Any CPU
		{D27ADF54-440C-44E9-9DD2-A9F6E9D14E12}.Release|Any CPU.ActiveCfg = Release|Any CPU
		{D27ADF54-440C-44E9-9DD2-A9F6E9D14E12}.Release|Any CPU.Build.0 = Release|Any CPU
		{32E7A159-917B-7F91-B49F-456DBB6EE8B2}.Debug|Any CPU.ActiveCfg = Debug|Any CPU
		{32E7A159-917B-7F91-B49F-456DBB6EE8B2}.Debug|Any CPU.Build.0 = Debug|Any CPU
		{32E7A159-917B-7F91-B49F-456DBB6EE8B2}.Release|Any CPU.ActiveCfg = Release|Any CPU
		{32E7A159-917B-7F91-B49F-456DBB6EE8B2}.Release|Any CPU.Build.0 = Release|Any CPU
		{28CB8A51-D608-4BEC-AE98-76B64C0990B6}.Debug|Any CPU.ActiveCfg = Debug|Any CPU
		{28CB8A51-D608-4BEC-AE98-76B64C0990B6}.Debug|Any CPU.Build.0 = Debug|Any CPU
		{28CB8A51-D608-4BEC-AE98-76B64C0990B6}.Release|Any CPU.ActiveCfg = Release|Any CPU
		{28CB8A51-D608-4BEC-AE98-76B64C0990B6}.Release|Any CPU.Build.0 = Release|Any CPU
		{DFD4026A-A1F0-4329-8156-D1F0A36262C9}.Debug|Any CPU.ActiveCfg = Debug|Any CPU
		{DFD4026A-A1F0-4329-8156-D1F0A36262C9}.Debug|Any CPU.Build.0 = Debug|Any CPU
		{DFD4026A-A1F0-4329-8156-D1F0A36262C9}.Release|Any CPU.ActiveCfg = Release|Any CPU
		{DFD4026A-A1F0-4329-8156-D1F0A36262C9}.Release|Any CPU.Build.0 = Release|Any CPU
		{52E7A109-E17B-4F91-349F-A34DBB6EE8B2}.Debug|Any CPU.ActiveCfg = Debug|Any CPU
		{52E7A109-E17B-4F91-349F-A34DBB6EE8B2}.Debug|Any CPU.Build.0 = Debug|Any CPU
		{52E7A109-E17B-4F91-349F-A34DBB6EE8B2}.Release|Any CPU.ActiveCfg = Release|Any CPU
		{52E7A109-E17B-4F91-349F-A34DBB6EE8B2}.Release|Any CPU.Build.0 = Release|Any CPU
		{C916D11F-9B0C-42F1-92A0-99B854F77143}.Debug|Any CPU.ActiveCfg = Debug|Any CPU
		{C916D11F-9B0C-42F1-92A0-99B854F77143}.Debug|Any CPU.Build.0 = Debug|Any CPU
		{C916D11F-9B0C-42F1-92A0-99B854F77143}.Release|Any CPU.ActiveCfg = Release|Any CPU
		{C916D11F-9B0C-42F1-92A0-99B854F77143}.Release|Any CPU.Build.0 = Release|Any CPU
		{9A5C802C-DE46-4BD5-A786-EC85E49F9F01}.Debug|Any CPU.ActiveCfg = Debug|Any CPU
		{9A5C802C-DE46-4BD5-A786-EC85E49F9F01}.Debug|Any CPU.Build.0 = Debug|Any CPU
		{9A5C802C-DE46-4BD5-A786-EC85E49F9F01}.Release|Any CPU.ActiveCfg = Release|Any CPU
		{9A5C802C-DE46-4BD5-A786-EC85E49F9F01}.Release|Any CPU.Build.0 = Release|Any CPU
		{92E7A109-F17B-2F91-149F-534D5B6EE8B2}.Debug|Any CPU.ActiveCfg = Debug|Any CPU
		{92E7A109-F17B-2F91-149F-534D5B6EE8B2}.Debug|Any CPU.Build.0 = Debug|Any CPU
		{92E7A109-F17B-2F91-149F-534D5B6EE8B2}.Release|Any CPU.ActiveCfg = Release|Any CPU
		{92E7A109-F17B-2F91-149F-534D5B6EE8B2}.Release|Any CPU.Build.0 = Release|Any CPU
		{513AE7AE-6380-4F10-8795-30D03585E8C4}.Debug|Any CPU.ActiveCfg = Debug|Any CPU
		{513AE7AE-6380-4F10-8795-30D03585E8C4}.Debug|Any CPU.Build.0 = Debug|Any CPU
		{513AE7AE-6380-4F10-8795-30D03585E8C4}.Release|Any CPU.ActiveCfg = Release|Any CPU
		{513AE7AE-6380-4F10-8795-30D03585E8C4}.Release|Any CPU.Build.0 = Release|Any CPU
		{F6066E2B-CE96-4B28-9594-DEDC88AB949D}.Debug|Any CPU.ActiveCfg = Debug|Any CPU
		{F6066E2B-CE96-4B28-9594-DEDC88AB949D}.Debug|Any CPU.Build.0 = Debug|Any CPU
		{F6066E2B-CE96-4B28-9594-DEDC88AB949D}.Release|Any CPU.ActiveCfg = Release|Any CPU
		{F6066E2B-CE96-4B28-9594-DEDC88AB949D}.Release|Any CPU.Build.0 = Release|Any CPU
		{32C376FE-1538-402D-81C8-CFFD98216186}.Debug|Any CPU.ActiveCfg = Debug|Any CPU
		{32C376FE-1538-402D-81C8-CFFD98216186}.Debug|Any CPU.Build.0 = Debug|Any CPU
		{32C376FE-1538-402D-81C8-CFFD98216186}.Release|Any CPU.ActiveCfg = Release|Any CPU
		{32C376FE-1538-402D-81C8-CFFD98216186}.Release|Any CPU.Build.0 = Release|Any CPU
		{22D8409F-7B9B-4CAA-9AC7-DA2EB877DEF5}.Debug|Any CPU.ActiveCfg = Debug|Any CPU
		{22D8409F-7B9B-4CAA-9AC7-DA2EB877DEF5}.Debug|Any CPU.Build.0 = Debug|Any CPU
		{22D8409F-7B9B-4CAA-9AC7-DA2EB877DEF5}.Release|Any CPU.ActiveCfg = Release|Any CPU
		{22D8409F-7B9B-4CAA-9AC7-DA2EB877DEF5}.Release|Any CPU.Build.0 = Release|Any CPU
		{C1B3031B-F4A1-4124-8E6B-9AEA89054200}.Debug|Any CPU.ActiveCfg = Debug|Any CPU
		{C1B3031B-F4A1-4124-8E6B-9AEA89054200}.Debug|Any CPU.Build.0 = Debug|Any CPU
		{C1B3031B-F4A1-4124-8E6B-9AEA89054200}.Release|Any CPU.ActiveCfg = Release|Any CPU
		{C1B3031B-F4A1-4124-8E6B-9AEA89054200}.Release|Any CPU.Build.0 = Release|Any CPU
		{C2E7A109-C17B-4F91-449F-ED4DBB6EE8B2}.Debug|Any CPU.ActiveCfg = Debug|Any CPU
		{C2E7A109-C17B-4F91-449F-ED4DBB6EE8B2}.Debug|Any CPU.Build.0 = Debug|Any CPU
		{C2E7A109-C17B-4F91-449F-ED4DBB6EE8B2}.Release|Any CPU.ActiveCfg = Release|Any CPU
		{C2E7A109-C17B-4F91-449F-ED4DBB6EE8B2}.Release|Any CPU.Build.0 = Release|Any CPU
		{9E776E64-3075-49B3-A6CE-B92F0B999C5C}.Debug|Any CPU.ActiveCfg = Debug|Any CPU
		{9E776E64-3075-49B3-A6CE-B92F0B999C5C}.Debug|Any CPU.Build.0 = Debug|Any CPU
		{9E776E64-3075-49B3-A6CE-B92F0B999C5C}.Release|Any CPU.ActiveCfg = Release|Any CPU
		{9E776E64-3075-49B3-A6CE-B92F0B999C5C}.Release|Any CPU.Build.0 = Release|Any CPU
		{1ADE96B2-6BFE-4513-8DC1-AD940D7A4E3C}.Debug|Any CPU.ActiveCfg = Debug|Any CPU
		{1ADE96B2-6BFE-4513-8DC1-AD940D7A4E3C}.Debug|Any CPU.Build.0 = Debug|Any CPU
		{1ADE96B2-6BFE-4513-8DC1-AD940D7A4E3C}.Release|Any CPU.ActiveCfg = Release|Any CPU
		{1ADE96B2-6BFE-4513-8DC1-AD940D7A4E3C}.Release|Any CPU.Build.0 = Release|Any CPU
		{82E7A109-817B-4F91-849F-484DBB6888B2}.Debug|Any CPU.ActiveCfg = Debug|Any CPU
		{82E7A109-817B-4F91-849F-484DBB6888B2}.Debug|Any CPU.Build.0 = Debug|Any CPU
		{82E7A109-817B-4F91-849F-484DBB6888B2}.Release|Any CPU.ActiveCfg = Release|Any CPU
		{82E7A109-817B-4F91-849F-484DBB6888B2}.Release|Any CPU.Build.0 = Release|Any CPU
		{BBF6EEC4-511B-4910-B975-14F86122B4AE}.Debug|Any CPU.ActiveCfg = Debug|Any CPU
		{BBF6EEC4-511B-4910-B975-14F86122B4AE}.Debug|Any CPU.Build.0 = Debug|Any CPU
		{BBF6EEC4-511B-4910-B975-14F86122B4AE}.Release|Any CPU.ActiveCfg = Release|Any CPU
		{BBF6EEC4-511B-4910-B975-14F86122B4AE}.Release|Any CPU.Build.0 = Release|Any CPU
		{95AF440B-E511-458F-8D99-36DE2A8C083C}.Debug|Any CPU.ActiveCfg = Debug|Any CPU
		{95AF440B-E511-458F-8D99-36DE2A8C083C}.Debug|Any CPU.Build.0 = Debug|Any CPU
		{95AF440B-E511-458F-8D99-36DE2A8C083C}.Release|Any CPU.ActiveCfg = Release|Any CPU
		{95AF440B-E511-458F-8D99-36DE2A8C083C}.Release|Any CPU.Build.0 = Release|Any CPU
	EndGlobalSection
	GlobalSection(SolutionProperties) = preSolution
		HideSolutionNode = FALSE
	EndGlobalSection
	GlobalSection(NestedProjects) = preSolution
		{07AA2566-D0E5-47AF-A17D-3B1C6AEE598D} = {C5D2DB32-B251-468C-B18F-720E9A2A1198}
		{A68CDD21-2E12-4B11-95DB-D0A0FCED48B1} = {C5D2DB32-B251-468C-B18F-720E9A2A1198}
		{2A2611D5-0A19-4EAD-A57F-0D361DC92639} = {C5D2DB32-B251-468C-B18F-720E9A2A1198}
		{877326A1-EFC6-41A0-AD21-654C8CC5DE3E} = {C5D2DB32-B251-468C-B18F-720E9A2A1198}
		{7C84F157-09B6-42D8-85F2-04AF1F31A046} = {C4C4DB85-C343-4F51-858B-1D6C672C352D}
		{6FAADC1C-DB04-4F65-9856-D989FC3B46C5} = {7BFB8C5A-1B7E-48C0-AA84-11C5D97A8EC3}
		{9B10DB87-130C-41D3-8687-1FAC877DB74A} = {7BFB8C5A-1B7E-48C0-AA84-11C5D97A8EC3}
		{3E633869-399F-4E8F-897D-EDC47206B9A7} = {7BFB8C5A-1B7E-48C0-AA84-11C5D97A8EC3}
		{23F0EA7E-B48D-4AE0-A84D-AD1A330F0EFB} = {605E647E-D864-45F1-A2A0-3F0F0F6759FB}
		{239FF513-5847-4DFC-9EC2-56AC52C412E0} = {605E647E-D864-45F1-A2A0-3F0F0F6759FB}
		{D2E7A109-F17B-4F91-B49F-434DBB6EE8B2} = {605E647E-D864-45F1-A2A0-3F0F0F6759FB}
		{605E647E-D864-45F1-A2A0-3F0F0F6759FB} = {49A4CC01-304D-4B58-B42C-ED64C56B1D9A}
		{3302C74A-CA3C-41E8-8E11-F61BF6359D65} = {49A4CC01-304D-4B58-B42C-ED64C56B1D9A}
		{F8DE2A6B-10C3-4FD4-A443-43560BACD83D} = {49A4CC01-304D-4B58-B42C-ED64C56B1D9A}
		{B1A8D2DC-9DBA-4CF2-9E87-2708A5EFE76C} = {49A4CC01-304D-4B58-B42C-ED64C56B1D9A}
		{D9AF400D-E3C6-4E40-AE5E-4BFBA67F459A} = {49A4CC01-304D-4B58-B42C-ED64C56B1D9A}
		{D41447FF-A20E-44D8-BC44-21FC5072C047} = {49A4CC01-304D-4B58-B42C-ED64C56B1D9A}
		{E77C5937-296A-4010-A910-94B80F27380D} = {49A4CC01-304D-4B58-B42C-ED64C56B1D9A}
		{3BE6F9E0-6CE3-4544-8D06-89A856E13C1F} = {49A4CC01-304D-4B58-B42C-ED64C56B1D9A}
		{B24C0524-80C0-4F0B-B6DB-9C811347EC74} = {3302C74A-CA3C-41E8-8E11-F61BF6359D65}
		{2C7BAC77-C1EC-43C1-9097-4770D02033DC} = {3302C74A-CA3C-41E8-8E11-F61BF6359D65}
		{D2E7A109-317B-4F91-A49F-123DBB6EE8B2} = {3302C74A-CA3C-41E8-8E11-F61BF6359D65}
		{B3363FFD-0D1F-4706-BFF5-E87C455EA1F5} = {F8DE2A6B-10C3-4FD4-A443-43560BACD83D}
		{D27ADF54-440C-44E9-9DD2-A9F6E9D14E12} = {F8DE2A6B-10C3-4FD4-A443-43560BACD83D}
		{32E7A159-917B-7F91-B49F-456DBB6EE8B2} = {F8DE2A6B-10C3-4FD4-A443-43560BACD83D}
		{28CB8A51-D608-4BEC-AE98-76B64C0990B6} = {B1A8D2DC-9DBA-4CF2-9E87-2708A5EFE76C}
		{DFD4026A-A1F0-4329-8156-D1F0A36262C9} = {B1A8D2DC-9DBA-4CF2-9E87-2708A5EFE76C}
		{52E7A109-E17B-4F91-349F-A34DBB6EE8B2} = {B1A8D2DC-9DBA-4CF2-9E87-2708A5EFE76C}
		{C916D11F-9B0C-42F1-92A0-99B854F77143} = {D9AF400D-E3C6-4E40-AE5E-4BFBA67F459A}
		{9A5C802C-DE46-4BD5-A786-EC85E49F9F01} = {D9AF400D-E3C6-4E40-AE5E-4BFBA67F459A}
		{92E7A109-F17B-2F91-149F-534D5B6EE8B2} = {D9AF400D-E3C6-4E40-AE5E-4BFBA67F459A}
		{513AE7AE-6380-4F10-8795-30D03585E8C4} = {D41447FF-A20E-44D8-BC44-21FC5072C047}
		{F6066E2B-CE96-4B28-9594-DEDC88AB949D} = {D41447FF-A20E-44D8-BC44-21FC5072C047}
		{32C376FE-1538-402D-81C8-CFFD98216186} = {D41447FF-A20E-44D8-BC44-21FC5072C047}
		{22D8409F-7B9B-4CAA-9AC7-DA2EB877DEF5} = {E77C5937-296A-4010-A910-94B80F27380D}
		{C1B3031B-F4A1-4124-8E6B-9AEA89054200} = {E77C5937-296A-4010-A910-94B80F27380D}
		{C2E7A109-C17B-4F91-449F-ED4DBB6EE8B2} = {E77C5937-296A-4010-A910-94B80F27380D}
		{9E776E64-3075-49B3-A6CE-B92F0B999C5C} = {3BE6F9E0-6CE3-4544-8D06-89A856E13C1F}
		{1ADE96B2-6BFE-4513-8DC1-AD940D7A4E3C} = {3BE6F9E0-6CE3-4544-8D06-89A856E13C1F}
		{82E7A109-817B-4F91-849F-484DBB6888B2} = {3BE6F9E0-6CE3-4544-8D06-89A856E13C1F}
		{BBF6EEC4-511B-4910-B975-14F86122B4AE} = {6495C71B-A335-4D3C-8B11-F9AA860A1B32}
		{95AF440B-E511-458F-8D99-36DE2A8C083C} = {6495C71B-A335-4D3C-8B11-F9AA860A1B32}
		{6495C71B-A335-4D3C-8B11-F9AA860A1B32} = {49A4CC01-304D-4B58-B42C-ED64C56B1D9A}
	EndGlobalSection
	GlobalSection(ExtensibilityGlobals) = postSolution
		SolutionGuid = {C254EA21-FAA6-4111-89F3-1A6FA0272EC0}
	EndGlobalSection
EndGlobal
